// !$*UTF8*$!
{
	archiveVersion = 1;
	classes = {
	};
	objectVersion = 50;
	objects = {

/* Begin PBXBuildFile section */
		2336B7F120F3402C00008F69 /* AppDelegate.swift in Sources */ = {isa = PBXBuildFile; fileRef = 2336B7F020F3402C00008F69 /* AppDelegate.swift */; };
		2336B7F320F3402C00008F69 /* ViewController.swift in Sources */ = {isa = PBXBuildFile; fileRef = 2336B7F220F3402C00008F69 /* ViewController.swift */; };
		2336B7F620F3402C00008F69 /* Main.storyboard in Resources */ = {isa = PBXBuildFile; fileRef = 2336B7F420F3402C00008F69 /* Main.storyboard */; };
		2336B7F820F3403300008F69 /* Assets.xcassets in Resources */ = {isa = PBXBuildFile; fileRef = 2336B7F720F3403300008F69 /* Assets.xcassets */; };
		2336B7FB20F3403300008F69 /* LaunchScreen.storyboard in Resources */ = {isa = PBXBuildFile; fileRef = 2336B7F920F3403300008F69 /* LaunchScreen.storyboard */; };
		2336B80620F3403400008F69 /* summerpractTests.swift in Sources */ = {isa = PBXBuildFile; fileRef = 2336B80520F3403400008F69 /* summerpractTests.swift */; };
		2336B81120F3403400008F69 /* summerpractUITests.swift in Sources */ = {isa = PBXBuildFile; fileRef = 2336B81020F3403400008F69 /* summerpractUITests.swift */; };
		2336B81F20F3433F00008F69 /* MyTableViewController.swift in Sources */ = {isa = PBXBuildFile; fileRef = 2336B81E20F3433F00008F69 /* MyTableViewController.swift */; };
		2336B82320F3583300008F69 /* user.swift in Sources */ = {isa = PBXBuildFile; fileRef = 2336B82220F3583300008F69 /* user.swift */; };
		2336B82720F35ED300008F69 /* nevVc.swift in Sources */ = {isa = PBXBuildFile; fileRef = 2336B82620F35ED300008F69 /* nevVc.swift */; };
		2336B82920F3670F00008F69 /* DetViewController.swift in Sources */ = {isa = PBXBuildFile; fileRef = 2336B82820F3670F00008F69 /* DetViewController.swift */; };
		235263AC20F49FEA00625012 /* SettingsViewController.swift in Sources */ = {isa = PBXBuildFile; fileRef = 235263AB20F49FEA00625012 /* SettingsViewController.swift */; };
		235263AE20F4A9AE00625012 /* SortViewController.swift in Sources */ = {isa = PBXBuildFile; fileRef = 235263AD20F4A9AE00625012 /* SortViewController.swift */; };
		235263B420F4CECA00625012 /* MyTableViewCell.swift in Sources */ = {isa = PBXBuildFile; fileRef = 235263B320F4CECA00625012 /* MyTableViewCell.swift */; };
/* End PBXBuildFile section */

/* Begin PBXContainerItemProxy section */
		2336B80220F3403400008F69 /* PBXContainerItemProxy */ = {
			isa = PBXContainerItemProxy;
			containerPortal = 2336B7E520F3402C00008F69 /* Project object */;
			proxyType = 1;
			remoteGlobalIDString = 2336B7EC20F3402C00008F69;
			remoteInfo = summerpract;
		};
		2336B80D20F3403400008F69 /* PBXContainerItemProxy */ = {
			isa = PBXContainerItemProxy;
			containerPortal = 2336B7E520F3402C00008F69 /* Project object */;
			proxyType = 1;
			remoteGlobalIDString = 2336B7EC20F3402C00008F69;
			remoteInfo = summerpract;
		};
/* End PBXContainerItemProxy section */

/* Begin PBXFileReference section */
		2336B7ED20F3402C00008F69 /* summerpract.app */ = {isa = PBXFileReference; explicitFileType = wrapper.application; includeInIndex = 0; path = summerpract.app; sourceTree = BUILT_PRODUCTS_DIR; };
		2336B7F020F3402C00008F69 /* AppDelegate.swift */ = {isa = PBXFileReference; lastKnownFileType = sourcecode.swift; path = AppDelegate.swift; sourceTree = "<group>"; };
		2336B7F220F3402C00008F69 /* ViewController.swift */ = {isa = PBXFileReference; lastKnownFileType = sourcecode.swift; path = ViewController.swift; sourceTree = "<group>"; };
		2336B7F520F3402C00008F69 /* Base */ = {isa = PBXFileReference; lastKnownFileType = file.storyboard; name = Base; path = Base.lproj/Main.storyboard; sourceTree = "<group>"; };
		2336B7F720F3403300008F69 /* Assets.xcassets */ = {isa = PBXFileReference; lastKnownFileType = folder.assetcatalog; path = Assets.xcassets; sourceTree = "<group>"; };
		2336B7FA20F3403300008F69 /* Base */ = {isa = PBXFileReference; lastKnownFileType = file.storyboard; name = Base; path = Base.lproj/LaunchScreen.storyboard; sourceTree = "<group>"; };
		2336B7FC20F3403300008F69 /* Info.plist */ = {isa = PBXFileReference; lastKnownFileType = text.plist.xml; path = Info.plist; sourceTree = "<group>"; };
		2336B80120F3403400008F69 /* summerpractTests.xctest */ = {isa = PBXFileReference; explicitFileType = wrapper.cfbundle; includeInIndex = 0; path = summerpractTests.xctest; sourceTree = BUILT_PRODUCTS_DIR; };
		2336B80520F3403400008F69 /* summerpractTests.swift */ = {isa = PBXFileReference; lastKnownFileType = sourcecode.swift; path = summerpractTests.swift; sourceTree = "<group>"; };
		2336B80720F3403400008F69 /* Info.plist */ = {isa = PBXFileReference; lastKnownFileType = text.plist.xml; path = Info.plist; sourceTree = "<group>"; };
		2336B80C20F3403400008F69 /* summerpractUITests.xctest */ = {isa = PBXFileReference; explicitFileType = wrapper.cfbundle; includeInIndex = 0; path = summerpractUITests.xctest; sourceTree = BUILT_PRODUCTS_DIR; };
		2336B81020F3403400008F69 /* summerpractUITests.swift */ = {isa = PBXFileReference; lastKnownFileType = sourcecode.swift; path = summerpractUITests.swift; sourceTree = "<group>"; };
		2336B81220F3403400008F69 /* Info.plist */ = {isa = PBXFileReference; lastKnownFileType = text.plist.xml; path = Info.plist; sourceTree = "<group>"; };
		2336B81E20F3433F00008F69 /* MyTableViewController.swift */ = {isa = PBXFileReference; lastKnownFileType = sourcecode.swift; path = MyTableViewController.swift; sourceTree = "<group>"; };
		2336B82220F3583300008F69 /* user.swift */ = {isa = PBXFileReference; lastKnownFileType = sourcecode.swift; path = user.swift; sourceTree = "<group>"; };
		2336B82620F35ED300008F69 /* nevVc.swift */ = {isa = PBXFileReference; lastKnownFileType = sourcecode.swift; path = nevVc.swift; sourceTree = "<group>"; };
		2336B82820F3670F00008F69 /* DetViewController.swift */ = {isa = PBXFileReference; lastKnownFileType = sourcecode.swift; path = DetViewController.swift; sourceTree = "<group>"; };
		235263AB20F49FEA00625012 /* SettingsViewController.swift */ = {isa = PBXFileReference; lastKnownFileType = sourcecode.swift; path = SettingsViewController.swift; sourceTree = "<group>"; };
		235263AD20F4A9AE00625012 /* SortViewController.swift */ = {isa = PBXFileReference; lastKnownFileType = sourcecode.swift; path = SortViewController.swift; sourceTree = "<group>"; };
		235263B320F4CECA00625012 /* MyTableViewCell.swift */ = {isa = PBXFileReference; lastKnownFileType = sourcecode.swift; path = MyTableViewCell.swift; sourceTree = "<group>"; };
/* End PBXFileReference section */

/* Begin PBXFrameworksBuildPhase section */
		2336B7EA20F3402C00008F69 /* Frameworks */ = {
			isa = PBXFrameworksBuildPhase;
			buildActionMask = 2147483647;
			files = (
			);
			runOnlyForDeploymentPostprocessing = 0;
		};
		2336B7FE20F3403400008F69 /* Frameworks */ = {
			isa = PBXFrameworksBuildPhase;
			buildActionMask = 2147483647;
			files = (
			);
			runOnlyForDeploymentPostprocessing = 0;
		};
		2336B80920F3403400008F69 /* Frameworks */ = {
			isa = PBXFrameworksBuildPhase;
			buildActionMask = 2147483647;
			files = (
			);
			runOnlyForDeploymentPostprocessing = 0;
		};
/* End PBXFrameworksBuildPhase section */

/* Begin PBXGroup section */
		2336B7E420F3402C00008F69 = {
			isa = PBXGroup;
			children = (
				2336B7EF20F3402C00008F69 /* summerpract */,
				2336B80420F3403400008F69 /* summerpractTests */,
				2336B80F20F3403400008F69 /* summerpractUITests */,
				2336B7EE20F3402C00008F69 /* Products */,
			);
			sourceTree = "<group>";
		};
		2336B7EE20F3402C00008F69 /* Products */ = {
			isa = PBXGroup;
			children = (
				2336B7ED20F3402C00008F69 /* summerpract.app */,
				2336B80120F3403400008F69 /* summerpractTests.xctest */,
				2336B80C20F3403400008F69 /* summerpractUITests.xctest */,
			);
			name = Products;
			sourceTree = "<group>";
		};
		2336B7EF20F3402C00008F69 /* summerpract */ = {
			isa = PBXGroup;
			children = (
				2336B7F020F3402C00008F69 /* AppDelegate.swift */,
				2336B7F220F3402C00008F69 /* ViewController.swift */,
				2336B7F420F3402C00008F69 /* Main.storyboard */,
				2336B81E20F3433F00008F69 /* MyTableViewController.swift */,
				2336B7F720F3403300008F69 /* Assets.xcassets */,
				2336B7F920F3403300008F69 /* LaunchScreen.storyboard */,
				2336B7FC20F3403300008F69 /* Info.plist */,
				2336B82220F3583300008F69 /* user.swift */,
				2336B82620F35ED300008F69 /* nevVc.swift */,
				2336B82820F3670F00008F69 /* DetViewController.swift */,
				235263AB20F49FEA00625012 /* SettingsViewController.swift */,
				235263AD20F4A9AE00625012 /* SortViewController.swift */,
				235263B320F4CECA00625012 /* MyTableViewCell.swift */,
			);
			path = summerpract;
			sourceTree = "<group>";
		};
		2336B80420F3403400008F69 /* summerpractTests */ = {
			isa = PBXGroup;
			children = (
				2336B80520F3403400008F69 /* summerpractTests.swift */,
				2336B80720F3403400008F69 /* Info.plist */,
			);
			path = summerpractTests;
			sourceTree = "<group>";
		};
		2336B80F20F3403400008F69 /* summerpractUITests */ = {
			isa = PBXGroup;
			children = (
				2336B81020F3403400008F69 /* summerpractUITests.swift */,
				2336B81220F3403400008F69 /* Info.plist */,
			);
			path = summerpractUITests;
			sourceTree = "<group>";
		};
/* End PBXGroup section */

/* Begin PBXNativeTarget section */
		2336B7EC20F3402C00008F69 /* summerpract */ = {
			isa = PBXNativeTarget;
			buildConfigurationList = 2336B81520F3403400008F69 /* Build configuration list for PBXNativeTarget "summerpract" */;
			buildPhases = (
				2336B7E920F3402C00008F69 /* Sources */,
				2336B7EA20F3402C00008F69 /* Frameworks */,
				2336B7EB20F3402C00008F69 /* Resources */,
			);
			buildRules = (
			);
			dependencies = (
			);
			name = summerpract;
			productName = summerpract;
			productReference = 2336B7ED20F3402C00008F69 /* summerpract.app */;
			productType = "com.apple.product-type.application";
		};
		2336B80020F3403400008F69 /* summerpractTests */ = {
			isa = PBXNativeTarget;
			buildConfigurationList = 2336B81820F3403400008F69 /* Build configuration list for PBXNativeTarget "summerpractTests" */;
			buildPhases = (
				2336B7FD20F3403400008F69 /* Sources */,
				2336B7FE20F3403400008F69 /* Frameworks */,
				2336B7FF20F3403400008F69 /* Resources */,
			);
			buildRules = (
			);
			dependencies = (
				2336B80320F3403400008F69 /* PBXTargetDependency */,
			);
			name = summerpractTests;
			productName = summerpractTests;
			productReference = 2336B80120F3403400008F69 /* summerpractTests.xctest */;
			productType = "com.apple.product-type.bundle.unit-test";
		};
		2336B80B20F3403400008F69 /* summerpractUITests */ = {
			isa = PBXNativeTarget;
			buildConfigurationList = 2336B81B20F3403400008F69 /* Build configuration list for PBXNativeTarget "summerpractUITests" */;
			buildPhases = (
				2336B80820F3403400008F69 /* Sources */,
				2336B80920F3403400008F69 /* Frameworks */,
				2336B80A20F3403400008F69 /* Resources */,
			);
			buildRules = (
			);
			dependencies = (
				2336B80E20F3403400008F69 /* PBXTargetDependency */,
			);
			name = summerpractUITests;
			productName = summerpractUITests;
			productReference = 2336B80C20F3403400008F69 /* summerpractUITests.xctest */;
			productType = "com.apple.product-type.bundle.ui-testing";
		};
/* End PBXNativeTarget section */

/* Begin PBXProject section */
		2336B7E520F3402C00008F69 /* Project object */ = {
			isa = PBXProject;
			attributes = {
				LastSwiftUpdateCheck = 0940;
				LastUpgradeCheck = 0940;
				ORGANIZATIONNAME = itisioslab;
				TargetAttributes = {
					2336B7EC20F3402C00008F69 = {
						CreatedOnToolsVersion = 9.4.1;
					};
					2336B80020F3403400008F69 = {
						CreatedOnToolsVersion = 9.4.1;
						TestTargetID = 2336B7EC20F3402C00008F69;
					};
					2336B80B20F3403400008F69 = {
						CreatedOnToolsVersion = 9.4.1;
						TestTargetID = 2336B7EC20F3402C00008F69;
					};
				};
			};
			buildConfigurationList = 2336B7E820F3402C00008F69 /* Build configuration list for PBXProject "summerpract" */;
			compatibilityVersion = "Xcode 9.3";
			developmentRegion = en;
			hasScannedForEncodings = 0;
			knownRegions = (
				en,
				Base,
			);
			mainGroup = 2336B7E420F3402C00008F69;
			productRefGroup = 2336B7EE20F3402C00008F69 /* Products */;
			projectDirPath = "";
			projectRoot = "";
			targets = (
				2336B7EC20F3402C00008F69 /* summerpract */,
				2336B80020F3403400008F69 /* summerpractTests */,
				2336B80B20F3403400008F69 /* summerpractUITests */,
			);
		};
/* End PBXProject section */

/* Begin PBXResourcesBuildPhase section */
		2336B7EB20F3402C00008F69 /* Resources */ = {
			isa = PBXResourcesBuildPhase;
			buildActionMask = 2147483647;
			files = (
				2336B7FB20F3403300008F69 /* LaunchScreen.storyboard in Resources */,
				2336B7F820F3403300008F69 /* Assets.xcassets in Resources */,
				2336B7F620F3402C00008F69 /* Main.storyboard in Resources */,
			);
			runOnlyForDeploymentPostprocessing = 0;
		};
		2336B7FF20F3403400008F69 /* Resources */ = {
			isa = PBXResourcesBuildPhase;
			buildActionMask = 2147483647;
			files = (
			);
			runOnlyForDeploymentPostprocessing = 0;
		};
		2336B80A20F3403400008F69 /* Resources */ = {
			isa = PBXResourcesBuildPhase;
			buildActionMask = 2147483647;
			files = (
			);
			runOnlyForDeploymentPostprocessing = 0;
		};
/* End PBXResourcesBuildPhase section */

/* Begin PBXSourcesBuildPhase section */
		2336B7E920F3402C00008F69 /* Sources */ = {
			isa = PBXSourcesBuildPhase;
			buildActionMask = 2147483647;
			files = (
				2336B82320F3583300008F69 /* user.swift in Sources */,
				2336B7F320F3402C00008F69 /* ViewController.swift in Sources */,
				235263AE20F4A9AE00625012 /* SortViewController.swift in Sources */,
				235263AC20F49FEA00625012 /* SettingsViewController.swift in Sources */,
				2336B82720F35ED300008F69 /* nevVc.swift in Sources */,
				235263B420F4CECA00625012 /* MyTableViewCell.swift in Sources */,
				2336B82920F3670F00008F69 /* DetViewController.swift in Sources */,
				2336B81F20F3433F00008F69 /* MyTableViewController.swift in Sources */,
				2336B7F120F3402C00008F69 /* AppDelegate.swift in Sources */,
			);
			runOnlyForDeploymentPostprocessing = 0;
		};
		2336B7FD20F3403400008F69 /* Sources */ = {
			isa = PBXSourcesBuildPhase;
			buildActionMask = 2147483647;
			files = (
				2336B80620F3403400008F69 /* summerpractTests.swift in Sources */,
			);
			runOnlyForDeploymentPostprocessing = 0;
		};
		2336B80820F3403400008F69 /* Sources */ = {
			isa = PBXSourcesBuildPhase;
			buildActionMask = 2147483647;
			files = (
				2336B81120F3403400008F69 /* summerpractUITests.swift in Sources */,
			);
			runOnlyForDeploymentPostprocessing = 0;
		};
/* End PBXSourcesBuildPhase section */

/* Begin PBXTargetDependency section */
		2336B80320F3403400008F69 /* PBXTargetDependency */ = {
			isa = PBXTargetDependency;
			target = 2336B7EC20F3402C00008F69 /* summerpract */;
			targetProxy = 2336B80220F3403400008F69 /* PBXContainerItemProxy */;
		};
		2336B80E20F3403400008F69 /* PBXTargetDependency */ = {
			isa = PBXTargetDependency;
			target = 2336B7EC20F3402C00008F69 /* summerpract */;
			targetProxy = 2336B80D20F3403400008F69 /* PBXContainerItemProxy */;
		};
/* End PBXTargetDependency section */

/* Begin PBXVariantGroup section */
		2336B7F420F3402C00008F69 /* Main.storyboard */ = {
			isa = PBXVariantGroup;
			children = (
				2336B7F520F3402C00008F69 /* Base */,
			);
			name = Main.storyboard;
			sourceTree = "<group>";
		};
		2336B7F920F3403300008F69 /* LaunchScreen.storyboard */ = {
			isa = PBXVariantGroup;
			children = (
				2336B7FA20F3403300008F69 /* Base */,
			);
			name = LaunchScreen.storyboard;
			sourceTree = "<group>";
		};
/* End PBXVariantGroup section */

/* Begin XCBuildConfiguration section */
		2336B81320F3403400008F69 /* Debug */ = {
			isa = XCBuildConfiguration;
			buildSettings = {
				ALWAYS_SEARCH_USER_PATHS = NO;
				CLANG_ANALYZER_NONNULL = YES;
				CLANG_ANALYZER_NUMBER_OBJECT_CONVERSION = YES_AGGRESSIVE;
				CLANG_CXX_LANGUAGE_STANDARD = "gnu++14";
				CLANG_CXX_LIBRARY = "libc++";
				CLANG_ENABLE_MODULES = YES;
				CLANG_ENABLE_OBJC_ARC = YES;
				CLANG_ENABLE_OBJC_WEAK = YES;
				CLANG_WARN_BLOCK_CAPTURE_AUTORELEASING = YES;
				CLANG_WARN_BOOL_CONVERSION = YES;
				CLANG_WARN_COMMA = YES;
				CLANG_WARN_CONSTANT_CONVERSION = YES;
				CLANG_WARN_DEPRECATED_OBJC_IMPLEMENTATIONS = YES;
				CLANG_WARN_DIRECT_OBJC_ISA_USAGE = YES_ERROR;
				CLANG_WARN_DOCUMENTATION_COMMENTS = YES;
				CLANG_WARN_EMPTY_BODY = YES;
				CLANG_WARN_ENUM_CONVERSION = YES;
				CLANG_WARN_INFINITE_RECURSION = YES;
				CLANG_WARN_INT_CONVERSION = YES;
				CLANG_WARN_NON_LITERAL_NULL_CONVERSION = YES;
				CLANG_WARN_OBJC_IMPLICIT_RETAIN_SELF = YES;
				CLANG_WARN_OBJC_LITERAL_CONVERSION = YES;
				CLANG_WARN_OBJC_ROOT_CLASS = YES_ERROR;
				CLANG_WARN_RANGE_LOOP_ANALYSIS = YES;
				CLANG_WARN_STRICT_PROTOTYPES = YES;
				CLANG_WARN_SUSPICIOUS_MOVE = YES;
				CLANG_WARN_UNGUARDED_AVAILABILITY = YES_AGGRESSIVE;
				CLANG_WARN_UNREACHABLE_CODE = YES;
				CLANG_WARN__DUPLICATE_METHOD_MATCH = YES;
				CODE_SIGN_IDENTITY = "iPhone Developer";
				COPY_PHASE_STRIP = NO;
				DEBUG_INFORMATION_FORMAT = dwarf;
				ENABLE_STRICT_OBJC_MSGSEND = YES;
				ENABLE_TESTABILITY = YES;
				GCC_C_LANGUAGE_STANDARD = gnu11;
				GCC_DYNAMIC_NO_PIC = NO;
				GCC_NO_COMMON_BLOCKS = YES;
				GCC_OPTIMIZATION_LEVEL = 0;
				GCC_PREPROCESSOR_DEFINITIONS = (
					"DEBUG=1",
					"$(inherited)",
				);
				GCC_WARN_64_TO_32_BIT_CONVERSION = YES;
				GCC_WARN_ABOUT_RETURN_TYPE = YES_ERROR;
				GCC_WARN_UNDECLARED_SELECTOR = YES;
				GCC_WARN_UNINITIALIZED_AUTOS = YES_AGGRESSIVE;
				GCC_WARN_UNUSED_FUNCTION = YES;
				GCC_WARN_UNUSED_VARIABLE = YES;
				IPHONEOS_DEPLOYMENT_TARGET = 11.4;
				MTL_ENABLE_DEBUG_INFO = YES;
				ONLY_ACTIVE_ARCH = YES;
				SDKROOT = iphoneos;
				SWIFT_ACTIVE_COMPILATION_CONDITIONS = DEBUG;
				SWIFT_OPTIMIZATION_LEVEL = "-Onone";
			};
			name = Debug;
		};
		2336B81420F3403400008F69 /* Release */ = {
			isa = XCBuildConfiguration;
			buildSettings = {
				ALWAYS_SEARCH_USER_PATHS = NO;
				CLANG_ANALYZER_NONNULL = YES;
				CLANG_ANALYZER_NUMBER_OBJECT_CONVERSION = YES_AGGRESSIVE;
				CLANG_CXX_LANGUAGE_STANDARD = "gnu++14";
				CLANG_CXX_LIBRARY = "libc++";
				CLANG_ENABLE_MODULES = YES;
				CLANG_ENABLE_OBJC_ARC = YES;
				CLANG_ENABLE_OBJC_WEAK = YES;
				CLANG_WARN_BLOCK_CAPTURE_AUTORELEASING = YES;
				CLANG_WARN_BOOL_CONVERSION = YES;
				CLANG_WARN_COMMA = YES;
				CLANG_WARN_CONSTANT_CONVERSION = YES;
				CLANG_WARN_DEPRECATED_OBJC_IMPLEMENTATIONS = YES;
				CLANG_WARN_DIRECT_OBJC_ISA_USAGE = YES_ERROR;
				CLANG_WARN_DOCUMENTATION_COMMENTS = YES;
				CLANG_WARN_EMPTY_BODY = YES;
				CLANG_WARN_ENUM_CONVERSION = YES;
				CLANG_WARN_INFINITE_RECURSION = YES;
				CLANG_WARN_INT_CONVERSION = YES;
				CLANG_WARN_NON_LITERAL_NULL_CONVERSION = YES;
				CLANG_WARN_OBJC_IMPLICIT_RETAIN_SELF = YES;
				CLANG_WARN_OBJC_LITERAL_CONVERSION = YES;
				CLANG_WARN_OBJC_ROOT_CLASS = YES_ERROR;
				CLANG_WARN_RANGE_LOOP_ANALYSIS = YES;
				CLANG_WARN_STRICT_PROTOTYPES = YES;
				CLANG_WARN_SUSPICIOUS_MOVE = YES;
				CLANG_WARN_UNGUARDED_AVAILABILITY = YES_AGGRESSIVE;
				CLANG_WARN_UNREACHABLE_CODE = YES;
				CLANG_WARN__DUPLICATE_METHOD_MATCH = YES;
				CODE_SIGN_IDENTITY = "iPhone Developer";
				COPY_PHASE_STRIP = NO;
				DEBUG_INFORMATION_FORMAT = "dwarf-with-dsym";
				ENABLE_NS_ASSERTIONS = NO;
				ENABLE_STRICT_OBJC_MSGSEND = YES;
				GCC_C_LANGUAGE_STANDARD = gnu11;
				GCC_NO_COMMON_BLOCKS = YES;
				GCC_WARN_64_TO_32_BIT_CONVERSION = YES;
				GCC_WARN_ABOUT_RETURN_TYPE = YES_ERROR;
				GCC_WARN_UNDECLARED_SELECTOR = YES;
				GCC_WARN_UNINITIALIZED_AUTOS = YES_AGGRESSIVE;
				GCC_WARN_UNUSED_FUNCTION = YES;
				GCC_WARN_UNUSED_VARIABLE = YES;
				IPHONEOS_DEPLOYMENT_TARGET = 11.4;
				MTL_ENABLE_DEBUG_INFO = NO;
				SDKROOT = iphoneos;
				SWIFT_COMPILATION_MODE = wholemodule;
				SWIFT_OPTIMIZATION_LEVEL = "-O";
				VALIDATE_PRODUCT = YES;
			};
			name = Release;
		};
		2336B81620F3403400008F69 /* Debug */ = {
			isa = XCBuildConfiguration;
			buildSettings = {
				ASSETCATALOG_COMPILER_APPICON_NAME = AppIcon;
				CODE_SIGN_STYLE = Automatic;
				INFOPLIST_FILE = summerpract/Info.plist;
				LD_RUNPATH_SEARCH_PATHS = (
					"$(inherited)",
					"@executable_path/Frameworks",
				);
				PRODUCT_BUNDLE_IDENTIFIER = sa.summerpract;
				PRODUCT_NAME = "$(TARGET_NAME)";
				SWIFT_VERSION = 4.0;
				TARGETED_DEVICE_FAMILY = 1;
			};
			name = Debug;
		};
		2336B81720F3403400008F69 /* Release */ = {
			isa = XCBuildConfiguration;
			buildSettings = {
				ASSETCATALOG_COMPILER_APPICON_NAME = AppIcon;
				CODE_SIGN_STYLE = Automatic;
				INFOPLIST_FILE = summerpract/Info.plist;
				LD_RUNPATH_SEARCH_PATHS = (
					"$(inherited)",
					"@executable_path/Frameworks",
				);
				PRODUCT_BUNDLE_IDENTIFIER = sa.summerpract;
				PRODUCT_NAME = "$(TARGET_NAME)";
				SWIFT_VERSION = 4.0;
				TARGETED_DEVICE_FAMILY = 1;
			};
			name = Release;
		};
		2336B81920F3403400008F69 /* Debug */ = {
			isa = XCBuildConfiguration;
			buildSettings = {
				ALWAYS_EMBED_SWIFT_STANDARD_LIBRARIES = YES;
				BUNDLE_LOADER = "$(TEST_HOST)";
				CODE_SIGN_STYLE = Automatic;
				INFOPLIST_FILE = summerpractTests/Info.plist;
				LD_RUNPATH_SEARCH_PATHS = (
					"$(inherited)",
					"@executable_path/Frameworks",
					"@loader_path/Frameworks",
				);
				PRODUCT_BUNDLE_IDENTIFIER = sa.summerpractTests;
				PRODUCT_NAME = "$(TARGET_NAME)";
				SWIFT_VERSION = 4.0;
				TARGETED_DEVICE_FAMILY = "1,2";
				TEST_HOST = "$(BUILT_PRODUCTS_DIR)/summerpract.app/summerpract";
			};
			name = Debug;
		};
		2336B81A20F3403400008F69 /* Release */ = {
			isa = XCBuildConfiguration;
			buildSettings = {
				ALWAYS_EMBED_SWIFT_STANDARD_LIBRARIES = YES;
				BUNDLE_LOADER = "$(TEST_HOST)";
				CODE_SIGN_STYLE = Automatic;
				INFOPLIST_FILE = summerpractTests/Info.plist;
				LD_RUNPATH_SEARCH_PATHS = (
					"$(inherited)",
					"@executable_path/Frameworks",
					"@loader_path/Frameworks",
				);
				PRODUCT_BUNDLE_IDENTIFIER = sa.summerpractTests;
				PRODUCT_NAME = "$(TARGET_NAME)";
				SWIFT_VERSION = 4.0;
				TARGETED_DEVICE_FAMILY = "1,2";
				TEST_HOST = "$(BUILT_PRODUCTS_DIR)/summerpract.app/summerpract";
			};
			name = Release;
		};
		2336B81C20F3403400008F69 /* Debug */ = {
			isa = XCBuildConfiguration;
			buildSettings = {
				ALWAYS_EMBED_SWIFT_STANDARD_LIBRARIES = YES;
				CODE_SIGN_STYLE = Automatic;
				INFOPLIST_FILE = summerpractUITests/Info.plist;
				LD_RUNPATH_SEARCH_PATHS = (
					"$(inherited)",
					"@executable_path/Frameworks",
					"@loader_path/Frameworks",
				);
				PRODUCT_BUNDLE_IDENTIFIER = sa.summerpractUITests;
				PRODUCT_NAME = "$(TARGET_NAME)";
				SWIFT_VERSION = 4.0;
				TARGETED_DEVICE_FAMILY = "1,2";
				TEST_TARGET_NAME = summerpract;
			};
			name = Debug;
		};
		2336B81D20F3403400008F69 /* Release */ = {
			isa = XCBuildConfiguration;
			buildSettings = {
				ALWAYS_EMBED_SWIFT_STANDARD_LIBRARIES = YES;
				CODE_SIGN_STYLE = Automatic;
				INFOPLIST_FILE = summerpractUITests/Info.plist;
				LD_RUNPATH_SEARCH_PATHS = (
					"$(inherited)",
					"@executable_path/Frameworks",
					"@loader_path/Frameworks",
				);
				PRODUCT_BUNDLE_IDENTIFIER = sa.summerpractUITests;
				PRODUCT_NAME = "$(TARGET_NAME)";
				SWIFT_VERSION = 4.0;
				TARGETED_DEVICE_FAMILY = "1,2";
				TEST_TARGET_NAME = summerpract;
			};
			name = Release;
		};
/* End XCBuildConfiguration section */

/* Begin XCConfigurationList section */
		2336B7E820F3402C00008F69 /* Build configuration list for PBXProject "summerpract" */ = {
			isa = XCConfigurationList;
			buildConfigurations = (
				2336B81320F3403400008F69 /* Debug */,
				2336B81420F3403400008F69 /* Release */,
			);
			defaultConfigurationIsVisible = 0;
			defaultConfigurationName = Release;
		};
		2336B81520F3403400008F69 /* Build configuration list for PBXNativeTarget "summerpract" */ = {
			isa = XCConfigurationList;
			buildConfigurations = (
				2336B81620F3403400008F69 /* Debug */,
				2336B81720F3403400008F69 /* Release */,
			);
			defaultConfigurationIsVisible = 0;
			defaultConfigurationName = Release;
		};
		2336B81820F3403400008F69 /* Build configuration list for PBXNativeTarget "summerpractTests" */ = {
			isa = XCConfigurationList;
			buildConfigurations = (
				2336B81920F3403400008F69 /* Debug */,
				2336B81A20F3403400008F69 /* Release */,
			);
			defaultConfigurationIsVisible = 0;
			defaultConfigurationName = Release;
		};
		2336B81B20F3403400008F69 /* Build configuration list for PBXNativeTarget "summerpractUITests" */ = {
			isa = XCConfigurationList;
			buildConfigurations = (
				2336B81C20F3403400008F69 /* Debug */,
				2336B81D20F3403400008F69 /* Release */,
			);
			defaultConfigurationIsVisible = 0;
			defaultConfigurationName = Release;
		};
/* End XCConfigurationList section */
	};
	rootObject = 2336B7E520F3402C00008F69 /* Project object */;
}
